
Microsoft Visual Studio Solution File, Format Version 12.00
# Visual Studio 2013
VisualStudioVersion = 12.0.31101.0
MinimumVisualStudioVersion = 10.0.40219.1
Project("{FAE04EC0-301F-11D3-BF4B-00C04F79EFBC}") = "FrameworkDotNetExtended", "FrameworkDotNetExtended\FrameworkDotNetExtended.csproj", "{AC5650CD-A3C6-4C42-89AE-3CCBF628831C}"
EndProject
Project("{FAE04EC0-301F-11D3-BF4B-00C04F79EFBC}") = "NuGet.Packager", "NuGet.Packager\NuGet.Packager.csproj", "{0451BAEF-DF2E-4B98-8644-94EE9415E389}"
EndProject
Global
	GlobalSection(TeamFoundationVersionControl) = preSolution
		SccNumberOfProjects = 3
		SccEnterpriseProvider = {4CA58AB2-18FA-4F8D-95D4-32DDF27D184C}
		SccTeamFoundationServer = https://leonardomelosantos.visualstudio.com/defaultcollection
		SccLocalPath0 = .
		SccProjectUniqueName1 = FrameworkDotNetExtended\\FrameworkDotNetExtended.csproj
		SccProjectName1 = FrameworkDotNetExtended
		SccLocalPath1 = FrameworkDotNetExtended
		SccProjectUniqueName2 = NuGet.Packager\\NuGet.Packager.csproj
		SccProjectName2 = NuGet.Packager
		SccLocalPath2 = NuGet.Packager
	EndGlobalSection
	GlobalSection(SolutionConfigurationPlatforms) = preSolution
		Debug|Any CPU = Debug|Any CPU
		Release|Any CPU = Release|Any CPU
	EndGlobalSection
	GlobalSection(ProjectConfigurationPlatforms) = postSolution
		{AC5650CD-A3C6-4C42-89AE-3CCBF628831C}.Debug|Any CPU.ActiveCfg = Debug|Any CPU
		{AC5650CD-A3C6-4C42-89AE-3CCBF628831C}.Debug|Any CPU.Build.0 = Debug|Any CPU
		{AC5650CD-A3C6-4C42-89AE-3CCBF628831C}.Release|Any CPU.ActiveCfg = Release|Any CPU
		{AC5650CD-A3C6-4C42-89AE-3CCBF628831C}.Release|Any CPU.Build.0 = Release|Any CPU
		{0451BAEF-DF2E-4B98-8644-94EE9415E389}.Debug|Any CPU.ActiveCfg = Debug|Any CPU
		{0451BAEF-DF2E-4B98-8644-94EE9415E389}.Debug|Any CPU.Build.0 = Debug|Any CPU
		{0451BAEF-DF2E-4B98-8644-94EE9415E389}.Release|Any CPU.ActiveCfg = Release|Any CPU
		{0451BAEF-DF2E-4B98-8644-94EE9415E389}.Release|Any CPU.Build.0 = Release|Any CPU
	EndGlobalSection
	GlobalSection(SolutionProperties) = preSolution
		HideSolutionNode = FALSE
	EndGlobalSection
EndGlobal
