
Microsoft Visual Studio Solution File, Format Version 12.00
# Visual Studio Version 16
VisualStudioVersion = 16.0.31424.327
MinimumVisualStudioVersion = 10.0.40219.1
Project("{FAE04EC0-301F-11D3-BF4B-00C04F79EFBC}") = "FrameworkDotNetExtended", "FrameworkDotNetExtended\FrameworkDotNetExtended.csproj", "{AC5650CD-A3C6-4C42-89AE-3CCBF628831C}"
EndProject
Global
	GlobalSection(SolutionConfigurationPlatforms) = preSolution
		Debug|Any CPU = Debug|Any CPU
		Release|Any CPU = Release|Any CPU
	EndGlobalSection
	GlobalSection(ProjectConfigurationPlatforms) = postSolution
		{AC5650CD-A3C6-4C42-89AE-3CCBF628831C}.Debug|Any CPU.ActiveCfg = Debug|Any CPU
		{AC5650CD-A3C6-4C42-89AE-3CCBF628831C}.Debug|Any CPU.Build.0 = Debug|Any CPU
		{AC5650CD-A3C6-4C42-89AE-3CCBF628831C}.Release|Any CPU.ActiveCfg = Release|Any CPU
		{AC5650CD-A3C6-4C42-89AE-3CCBF628831C}.Release|Any CPU.Build.0 = Release|Any CPU
	EndGlobalSection
	GlobalSection(SolutionProperties) = preSolution
		HideSolutionNode = FALSE
	EndGlobalSection
	GlobalSection(ExtensibilityGlobals) = postSolution
		SolutionGuid = {4F02BCE2-44BC-4269-9A17-7C3A7DEE2188}
	EndGlobalSection
EndGlobal
